
Microsoft Visual Studio Solution File, Format Version 12.00
# Visual Studio Version 17
VisualStudioVersion = 17.6.33815.320
MinimumVisualStudioVersion = 10.0.40219.1
Project("{2150E333-8FDC-42A3-9474-1A3956D46DE8}") = "src", "src", "{108EBE73-8E8B-4BC8-ACBB-FB97D2B64B2E}"
EndProject
Project("{9A19103F-16F7-4668-BE54-9A1E7A4F7556}") = "ZLogger", "src\ZLogger\ZLogger.csproj", "{72C3035E-A0F8-4B05-B6AB-3C177CF3F79D}"
EndProject
Project("{2150E333-8FDC-42A3-9474-1A3956D46DE8}") = "sandbox", "sandbox", "{87C57843-6AA8-462F-B383-0E756D1E389C}"
EndProject
Project("{9A19103F-16F7-4668-BE54-9A1E7A4F7556}") = "ConsoleApp", "sandbox\ConsoleApp\ConsoleApp.csproj", "{54C5F84D-31C0-4337-AA68-F4D00255407C}"
EndProject
Project("{2150E333-8FDC-42A3-9474-1A3956D46DE8}") = "tests", "tests", "{BA8EAC7A-0D94-4EE2-A8F5-3998D73E3325}"
EndProject
Project("{9A19103F-16F7-4668-BE54-9A1E7A4F7556}") = "ZLogger.Tests", "tests\ZLogger.Tests\ZLogger.Tests.csproj", "{F4ADB9AC-E3FF-40D2-9538-D3DE600EECB6}"
EndProject
Project("{9A19103F-16F7-4668-BE54-9A1E7A4F7556}") = "Benchmark", "sandbox\Benchmark\Benchmark.csproj", "{D817C5DF-B922-4697-A84A-A16241D076EC}"
EndProject
Project("{2150E333-8FDC-42A3-9474-1A3956D46DE8}") = "tools", "tools", "{231AACB5-020B-48E4-875A-7F223D511E21}"
EndProject
Project("{9A19103F-16F7-4668-BE54-9A1E7A4F7556}") = "CommandTools", "tools\CommandTools\CommandTools.csproj", "{DCF2A056-C3E9-4302-92CC-F4D88AF4CBF0}"
EndProject
Project("{9A19103F-16F7-4668-BE54-9A1E7A4F7556}") = "ZLogger.MessagePack", "src\ZLogger.MessagePack\ZLogger.MessagePack.csproj", "{A2243ECE-9B2C-4D15-865D-471A5FC9E0DE}"
EndProject
Project("{9A19103F-16F7-4668-BE54-9A1E7A4F7556}") = "ZLogger.MessagePack.Tests", "tests\ZLogger.MessagePack.Tests\ZLogger.MessagePack.Tests.csproj", "{35FFEF10-C4B9-4E6C-B00F-BC32AB0F81C4}"
EndProject
Project("{9A19103F-16F7-4668-BE54-9A1E7A4F7556}") = "ZLogger.Generator", "src\ZLogger.Generator\ZLogger.Generator.csproj", "{2F75085C-9DFE-495F-8D11-F6AFFED22FA5}"
EndProject
Project("{9A19103F-16F7-4668-BE54-9A1E7A4F7556}") = "GeneratorSandbox", "sandbox\GeneratorSandbox\GeneratorSandbox.csproj", "{18D196D4-6582-4903-BF82-BEF3014C0B3F}"
EndProject
Project("{FAE04EC0-301F-11D3-BF4B-00C04F79EFBC}") = "ZLogger.Generator.Tests", "tests\ZLogger.Generator.Tests\ZLogger.Generator.Tests.csproj", "{837A506E-4119-4E7C-B708-5056889A6D5F}"
EndProject
Global
	GlobalSection(SolutionConfigurationPlatforms) = preSolution
		Debug|Any CPU = Debug|Any CPU
		Release|Any CPU = Release|Any CPU
	EndGlobalSection
	GlobalSection(ProjectConfigurationPlatforms) = postSolution
		{72C3035E-A0F8-4B05-B6AB-3C177CF3F79D}.Debug|Any CPU.ActiveCfg = Debug|Any CPU
		{72C3035E-A0F8-4B05-B6AB-3C177CF3F79D}.Debug|Any CPU.Build.0 = Debug|Any CPU
		{72C3035E-A0F8-4B05-B6AB-3C177CF3F79D}.Release|Any CPU.ActiveCfg = Release|Any CPU
		{72C3035E-A0F8-4B05-B6AB-3C177CF3F79D}.Release|Any CPU.Build.0 = Release|Any CPU
		{54C5F84D-31C0-4337-AA68-F4D00255407C}.Debug|Any CPU.ActiveCfg = Debug|Any CPU
		{54C5F84D-31C0-4337-AA68-F4D00255407C}.Debug|Any CPU.Build.0 = Debug|Any CPU
		{54C5F84D-31C0-4337-AA68-F4D00255407C}.Release|Any CPU.ActiveCfg = Release|Any CPU
		{54C5F84D-31C0-4337-AA68-F4D00255407C}.Release|Any CPU.Build.0 = Release|Any CPU
		{F4ADB9AC-E3FF-40D2-9538-D3DE600EECB6}.Debug|Any CPU.ActiveCfg = Debug|Any CPU
		{F4ADB9AC-E3FF-40D2-9538-D3DE600EECB6}.Debug|Any CPU.Build.0 = Debug|Any CPU
		{F4ADB9AC-E3FF-40D2-9538-D3DE600EECB6}.Release|Any CPU.ActiveCfg = Release|Any CPU
		{F4ADB9AC-E3FF-40D2-9538-D3DE600EECB6}.Release|Any CPU.Build.0 = Release|Any CPU
		{D817C5DF-B922-4697-A84A-A16241D076EC}.Debug|Any CPU.ActiveCfg = Debug|Any CPU
		{D817C5DF-B922-4697-A84A-A16241D076EC}.Debug|Any CPU.Build.0 = Debug|Any CPU
		{D817C5DF-B922-4697-A84A-A16241D076EC}.Release|Any CPU.ActiveCfg = Release|Any CPU
		{D817C5DF-B922-4697-A84A-A16241D076EC}.Release|Any CPU.Build.0 = Release|Any CPU
		{DCF2A056-C3E9-4302-92CC-F4D88AF4CBF0}.Debug|Any CPU.ActiveCfg = Debug|Any CPU
		{DCF2A056-C3E9-4302-92CC-F4D88AF4CBF0}.Debug|Any CPU.Build.0 = Debug|Any CPU
		{DCF2A056-C3E9-4302-92CC-F4D88AF4CBF0}.Release|Any CPU.ActiveCfg = Release|Any CPU
		{DCF2A056-C3E9-4302-92CC-F4D88AF4CBF0}.Release|Any CPU.Build.0 = Release|Any CPU
		{A2243ECE-9B2C-4D15-865D-471A5FC9E0DE}.Debug|Any CPU.ActiveCfg = Debug|Any CPU
		{A2243ECE-9B2C-4D15-865D-471A5FC9E0DE}.Debug|Any CPU.Build.0 = Debug|Any CPU
		{A2243ECE-9B2C-4D15-865D-471A5FC9E0DE}.Release|Any CPU.ActiveCfg = Release|Any CPU
		{A2243ECE-9B2C-4D15-865D-471A5FC9E0DE}.Release|Any CPU.Build.0 = Release|Any CPU
		{35FFEF10-C4B9-4E6C-B00F-BC32AB0F81C4}.Debug|Any CPU.ActiveCfg = Debug|Any CPU
		{35FFEF10-C4B9-4E6C-B00F-BC32AB0F81C4}.Debug|Any CPU.Build.0 = Debug|Any CPU
		{35FFEF10-C4B9-4E6C-B00F-BC32AB0F81C4}.Release|Any CPU.ActiveCfg = Release|Any CPU
		{35FFEF10-C4B9-4E6C-B00F-BC32AB0F81C4}.Release|Any CPU.Build.0 = Release|Any CPU
		{2F75085C-9DFE-495F-8D11-F6AFFED22FA5}.Debug|Any CPU.ActiveCfg = Debug|Any CPU
		{2F75085C-9DFE-495F-8D11-F6AFFED22FA5}.Debug|Any CPU.Build.0 = Debug|Any CPU
		{2F75085C-9DFE-495F-8D11-F6AFFED22FA5}.Release|Any CPU.ActiveCfg = Release|Any CPU
		{2F75085C-9DFE-495F-8D11-F6AFFED22FA5}.Release|Any CPU.Build.0 = Release|Any CPU
		{18D196D4-6582-4903-BF82-BEF3014C0B3F}.Debug|Any CPU.ActiveCfg = Debug|Any CPU
		{18D196D4-6582-4903-BF82-BEF3014C0B3F}.Debug|Any CPU.Build.0 = Debug|Any CPU
		{18D196D4-6582-4903-BF82-BEF3014C0B3F}.Release|Any CPU.ActiveCfg = Release|Any CPU
		{18D196D4-6582-4903-BF82-BEF3014C0B3F}.Release|Any CPU.Build.0 = Release|Any CPU
		{837A506E-4119-4E7C-B708-5056889A6D5F}.Debug|Any CPU.ActiveCfg = Debug|Any CPU
		{837A506E-4119-4E7C-B708-5056889A6D5F}.Debug|Any CPU.Build.0 = Debug|Any CPU
		{837A506E-4119-4E7C-B708-5056889A6D5F}.Release|Any CPU.ActiveCfg = Release|Any CPU
		{837A506E-4119-4E7C-B708-5056889A6D5F}.Release|Any CPU.Build.0 = Release|Any CPU
	EndGlobalSection
	GlobalSection(SolutionProperties) = preSolution
		HideSolutionNode = FALSE
	EndGlobalSection
	GlobalSection(NestedProjects) = preSolution
		{72C3035E-A0F8-4B05-B6AB-3C177CF3F79D} = {108EBE73-8E8B-4BC8-ACBB-FB97D2B64B2E}
		{54C5F84D-31C0-4337-AA68-F4D00255407C} = {87C57843-6AA8-462F-B383-0E756D1E389C}
		{F4ADB9AC-E3FF-40D2-9538-D3DE600EECB6} = {BA8EAC7A-0D94-4EE2-A8F5-3998D73E3325}
		{D817C5DF-B922-4697-A84A-A16241D076EC} = {87C57843-6AA8-462F-B383-0E756D1E389C}
		{DCF2A056-C3E9-4302-92CC-F4D88AF4CBF0} = {231AACB5-020B-48E4-875A-7F223D511E21}
		{A2243ECE-9B2C-4D15-865D-471A5FC9E0DE} = {108EBE73-8E8B-4BC8-ACBB-FB97D2B64B2E}
		{35FFEF10-C4B9-4E6C-B00F-BC32AB0F81C4} = {BA8EAC7A-0D94-4EE2-A8F5-3998D73E3325}
		{2F75085C-9DFE-495F-8D11-F6AFFED22FA5} = {108EBE73-8E8B-4BC8-ACBB-FB97D2B64B2E}
		{18D196D4-6582-4903-BF82-BEF3014C0B3F} = {87C57843-6AA8-462F-B383-0E756D1E389C}
		{837A506E-4119-4E7C-B708-5056889A6D5F} = {BA8EAC7A-0D94-4EE2-A8F5-3998D73E3325}
	EndGlobalSection
	GlobalSection(ExtensibilityGlobals) = postSolution
		SolutionGuid = {D6093B62-9CF6-4344-8924-80BF89EEB4BA}
	EndGlobalSection
EndGlobal
